{
  "nodes": {
    "flake-compat": {
      "flake": false,
      "locked": {
        "lastModified": 1673956053,
        "narHash": "sha256-4gtG9iQuiKITOjNQQeQIpoIB6b16fm+504Ch3sNKLd8=",
        "owner": "edolstra",
        "repo": "flake-compat",
        "rev": "35bb57c0c8d8b62bbfd284272c928ceb64ddbde9",
        "type": "github"
      },
      "original": {
        "owner": "edolstra",
        "repo": "flake-compat",
        "type": "github"
      }
    },
    "flake-utils": {
      "inputs": {
        "systems": "systems"
      },
      "locked": {
        "lastModified": 1689068808,
        "narHash": "sha256-6ixXo3wt24N/melDWjq70UuHQLxGV8jZvooRanIHXw0=",
        "owner": "numtide",
        "repo": "flake-utils",
        "rev": "919d646de7be200f3bf08cb76ae1f09402b6f9b4",
        "type": "github"
      },
      "original": {
        "owner": "numtide",
        "repo": "flake-utils",
        "type": "github"
      }
    },
    "nixpkgs": {
      "locked": {
        "lastModified": 1691511482,
        "narHash": "sha256-GOj8nNGkhmLgPja6RuIl9zmzWaJQCj/QcUFoFFWzCeg=",
        "owner": "nixos",
        "repo": "nixpkgs",
        "rev": "14310de62cb84811b9e55f6a9931330d7c71670a",
        "type": "github"
      },
      "original": {
        "owner": "nixos",
        "repo": "nixpkgs",
        "rev": "14310de62cb84811b9e55f6a9931330d7c71670a",
        "type": "github"
      }
    },
    "nixpkgs_2": {
      "locked": {
        "lastModified": 1691218994,
        "narHash": "sha256-46GJ5vLf9H+Oh7Jii2gJI9GATJHGbx2iQpon5nUSFPI=",
        "owner": "NixOS",
        "repo": "nixpkgs",
        "rev": "0d2fb29f5071a12d7983319c2c2576be6a130582",
        "type": "github"
      },
      "original": {
        "owner": "NixOS",
        "ref": "nixpkgs-unstable",
        "repo": "nixpkgs",
        "type": "github"
      }
    },
    "nixpkgs_latest": {
      "locked": {
        "lastModified": 1707248851,
        "narHash": "sha256-8bv30S963fzGw9LoQOOArZRN/CEaX1sLXroJw46IQ90=",
        "owner": "nixos",
        "repo": "nixpkgs",
        "rev": "e983c3005a5dad80ffedd50d2a697f301c4df5be",
        "type": "github"
      },
      "original": {
        "owner": "nixos",
        "repo": "nixpkgs",
        "type": "github"
      }
    },
    "phps": {
      "inputs": {
        "flake-compat": "flake-compat",
        "nixpkgs": "nixpkgs_2",
        "utils": "utils"
      },
      "locked": {
        "lastModified": 1691303907,
        "narHash": "sha256-+ve4zOL7AaAR/eOOxcKnGWayGXm46mHnHJzMEnBL8s8=",
        "owner": "fossar",
        "repo": "nix-phps",
        "rev": "5d9c6911fa10b5dcc8b064db92073b20398514db",
        "type": "github"
      },
      "original": {
        "owner": "fossar",
        "repo": "nix-phps",
        "rev": "5d9c6911fa10b5dcc8b064db92073b20398514db",
        "type": "github"
      }
    },
    "root": {
      "inputs": {
        "flake-utils": "flake-utils",
        "nixpkgs": "nixpkgs",
        "nixpkgs_latest": "nixpkgs_latest",
        "phps": "phps",
        "shopware": "shopware"
      }
    },
    "shopware": {
      "flake": false,
      "locked": {
        "lastModified": 1591077794,
        "narHash": "sha256-+jpsSdKQCMgfkbRgyrBjHsjCyWy71oPwwyHkqyXxCE0=",
        "owner": "shopware5",
        "repo": "shopware",
        "rev": "e496b983949344dadcd31016f970d86b671edf29",
        "type": "github"
      },
      "original": {
        "owner": "shopware5",
        "ref": "v5.6.7",
        "repo": "shopware",
        "type": "github"
      }
    },
    "systems": {
      "locked": {
        "lastModified": 1681028828,
        "narHash": "sha256-Vy1rq5AaRuLzOxct8nz4T6wlgyUR7zLU309k9mBC768=",
        "owner": "nix-systems",
        "repo": "default",
        "rev": "da67096a3b9bf56a91d16901293e51ba5b49a27e",
        "type": "github"
      },
      "original": {
        "owner": "nix-systems",
        "repo": "default",
        "type": "github"
      }
    },
    "systems_2": {
      "locked": {
        "lastModified": 1681028828,
        "narHash": "sha256-Vy1rq5AaRuLzOxct8nz4T6wlgyUR7zLU309k9mBC768=",
        "owner": "nix-systems",
        "repo": "default",
        "rev": "da67096a3b9bf56a91d16901293e51ba5b49a27e",
        "type": "github"
      },
      "original": {
        "owner": "nix-systems",
        "repo": "default",
        "type": "github"
      }
    },
    "utils": {
      "inputs": {
        "systems": "systems_2"
      },
      "locked": {
        "lastModified": 1689068808,
        "narHash": "sha256-6ixXo3wt24N/melDWjq70UuHQLxGV8jZvooRanIHXw0=",
        "owner": "numtide",
        "repo": "flake-utils",
        "rev": "919d646de7be200f3bf08cb76ae1f09402b6f9b4",
        "type": "github"
      },
      "original": {
        "owner": "numtide",
        "repo": "flake-utils",
        "type": "github"
      }
    }
  },
  "root": "root",
  "version": 7
}
